// !$*UTF8*$!
{
	archiveVersion = 1;
	classes = {
	};
	objectVersion = 46;
	objects = {

/* Begin PBXBuildFile section */
		100B0B9D1E7C5A8E00DD181F /* AppDelegate.swift in Sources */ = {isa = PBXBuildFile; fileRef = 100B0B9C1E7C5A8E00DD181F /* AppDelegate.swift */; };
		100B0B9F1E7C5A8E00DD181F /* ProfileController.swift in Sources */ = {isa = PBXBuildFile; fileRef = 100B0B9E1E7C5A8E00DD181F /* ProfileController.swift */; };
		100B0BA41E7C5A8E00DD181F /* Assets.xcassets in Resources */ = {isa = PBXBuildFile; fileRef = 100B0BA31E7C5A8E00DD181F /* Assets.xcassets */; };
		100B0BA71E7C5A8E00DD181F /* LaunchScreen.storyboard in Resources */ = {isa = PBXBuildFile; fileRef = 100B0BA51E7C5A8E00DD181F /* LaunchScreen.storyboard */; };
		10BAAB061E87B04000104295 /* Main.storyboard in Resources */ = {isa = PBXBuildFile; fileRef = 10BAAB051E87B04000104295 /* Main.storyboard */; };
		10BAAB091E87B0D800104295 /* ConversationsListViewController.swift in Sources */ = {isa = PBXBuildFile; fileRef = 10BAAB081E87B0D800104295 /* ConversationsListViewController.swift */; };
		10BAAB101E87B2FD00104295 /* DialogCellModel.swift in Sources */ = {isa = PBXBuildFile; fileRef = 10BAAB0F1E87B2FD00104295 /* DialogCellModel.swift */; };
		10BAAB121E87B38A00104295 /* MessageCellModel.swift in Sources */ = {isa = PBXBuildFile; fileRef = 10BAAB111E87B38A00104295 /* MessageCellModel.swift */; };
		10BAAB141E87B3C900104295 /* DialogCell.swift in Sources */ = {isa = PBXBuildFile; fileRef = 10BAAB131E87B3C900104295 /* DialogCell.swift */; };
		10BAAB171E87B76000104295 /* Extensions.swift in Sources */ = {isa = PBXBuildFile; fileRef = 10BAAB161E87B76000104295 /* Extensions.swift */; };
		10BAAB191E87C1B400104295 /* ConversationController.swift in Sources */ = {isa = PBXBuildFile; fileRef = 10BAAB181E87C1B400104295 /* ConversationController.swift */; };
		10BAAB1B1E87C36E00104295 /* MessageCell.swift in Sources */ = {isa = PBXBuildFile; fileRef = 10BAAB1A1E87C36E00104295 /* MessageCell.swift */; };
		10BBA0931E94D2AB0071010C /* DataManager.swift in Sources */ = {isa = PBXBuildFile; fileRef = 10BBA0921E94D2AB0071010C /* DataManager.swift */; };
		10BBA0961E94D2EB0071010C /* GCDDataManager.swift in Sources */ = {isa = PBXBuildFile; fileRef = 10BBA0951E94D2EB0071010C /* GCDDataManager.swift */; };
		10BBA0981E94D2FB0071010C /* OperationDataManager.swift in Sources */ = {isa = PBXBuildFile; fileRef = 10BBA0971E94D2FB0071010C /* OperationDataManager.swift */; };
		10BBA09C1E94D4D50071010C /* DataStore.swift in Sources */ = {isa = PBXBuildFile; fileRef = 10BBA09B1E94D4D50071010C /* DataStore.swift */; };
		10BBA09E1E94D5B70071010C /* Profile.swift in Sources */ = {isa = PBXBuildFile; fileRef = 10BBA09D1E94D5B70071010C /* Profile.swift */; };
		B910A2EB1EABBB82005637C1 /* ConversationsListModel.swift in Sources */ = {isa = PBXBuildFile; fileRef = B910A2EA1EABBB82005637C1 /* ConversationsListModel.swift */; };
		B910A2F01EABBD9D005637C1 /* MPCService.swift in Sources */ = {isa = PBXBuildFile; fileRef = B910A2EF1EABBD9D005637C1 /* MPCService.swift */; };
		B910A2F21EABC176005637C1 /* IMPCWorker.swift in Sources */ = {isa = PBXBuildFile; fileRef = B910A2F11EABC176005637C1 /* IMPCWorker.swift */; };
		B99814791EAC8EC500B95723 /* RootAssembly.swift in Sources */ = {isa = PBXBuildFile; fileRef = B99814781EAC8EC500B95723 /* RootAssembly.swift */; };
		B998147B1EAC8F7B00B95723 /* MPCAssembly.swift in Sources */ = {isa = PBXBuildFile; fileRef = B998147A1EAC8F7B00B95723 /* MPCAssembly.swift */; };
		B998147D1EAC90B000B95723 /* ModelsAssembly.swift in Sources */ = {isa = PBXBuildFile; fileRef = B998147C1EAC90B000B95723 /* ModelsAssembly.swift */; };
		B998147F1EAC90D400B95723 /* ConversationsListAssembly.swift in Sources */ = {isa = PBXBuildFile; fileRef = B998147E1EAC90D400B95723 /* ConversationsListAssembly.swift */; };
		B9B9E88B1EABEA63009CA699 /* IConversationModel.swift in Sources */ = {isa = PBXBuildFile; fileRef = B9B9E88A1EABEA63009CA699 /* IConversationModel.swift */; };
		B9B9E88D1EABEB9D009CA699 /* IMessageModel.swift in Sources */ = {isa = PBXBuildFile; fileRef = B9B9E88C1EABEB9D009CA699 /* IMessageModel.swift */; };
		B9B9E88F1EABF74C009CA699 /* MPCWorker.swift in Sources */ = {isa = PBXBuildFile; fileRef = B9B9E88E1EABF74C009CA699 /* MPCWorker.swift */; };
		B9D845321E9D0F1700D6373C /* Communication.swift in Sources */ = {isa = PBXBuildFile; fileRef = B9D845311E9D0F1700D6373C /* Communication.swift */; };
		B9D845341E9D105200D6373C /* MultipeerCommunicator.swift in Sources */ = {isa = PBXBuildFile; fileRef = B9D845331E9D105200D6373C /* MultipeerCommunicator.swift */; };
		B9D845361E9D263800D6373C /* Constants.swift in Sources */ = {isa = PBXBuildFile; fileRef = B9D845351E9D263800D6373C /* Constants.swift */; };
		B9D845381E9D268400D6373C /* CommunicationManager.swift in Sources */ = {isa = PBXBuildFile; fileRef = B9D845371E9D268400D6373C /* CommunicationManager.swift */; };
/* End PBXBuildFile section */

/* Begin PBXFileReference section */
		100B0B991E7C5A8E00DD181F /* TinkoffChat.app */ = {isa = PBXFileReference; explicitFileType = wrapper.application; includeInIndex = 0; path = TinkoffChat.app; sourceTree = BUILT_PRODUCTS_DIR; };
		100B0B9C1E7C5A8E00DD181F /* AppDelegate.swift */ = {isa = PBXFileReference; lastKnownFileType = sourcecode.swift; name = AppDelegate.swift; path = TinkoffChat/Controllers/AppDelegate.swift; sourceTree = "<group>"; };
		100B0B9E1E7C5A8E00DD181F /* ProfileController.swift */ = {isa = PBXFileReference; lastKnownFileType = sourcecode.swift; path = ProfileController.swift; sourceTree = "<group>"; };
		100B0BA31E7C5A8E00DD181F /* Assets.xcassets */ = {isa = PBXFileReference; lastKnownFileType = folder.assetcatalog; name = Assets.xcassets; path = TinkoffChat/Other/Assets.xcassets; sourceTree = "<group>"; };
		100B0BA61E7C5A8E00DD181F /* Base */ = {isa = PBXFileReference; lastKnownFileType = file.storyboard; name = Base; path = Base.lproj/LaunchScreen.storyboard; sourceTree = "<group>"; };
		100B0BA81E7C5A8E00DD181F /* Info.plist */ = {isa = PBXFileReference; lastKnownFileType = text.plist.xml; name = Info.plist; path = TinkoffChat/Other/Info.plist; sourceTree = "<group>"; };
		10BAAB051E87B04000104295 /* Main.storyboard */ = {isa = PBXFileReference; fileEncoding = 4; lastKnownFileType = file.storyboard; name = Main.storyboard; path = GUI/Main.storyboard; sourceTree = "<group>"; };
		10BAAB081E87B0D800104295 /* ConversationsListViewController.swift */ = {isa = PBXFileReference; fileEncoding = 4; lastKnownFileType = sourcecode.swift; name = ConversationsListViewController.swift; path = Controllers/Dialogs/ConversationsListViewController.swift; sourceTree = "<group>"; };
		10BAAB0F1E87B2FD00104295 /* DialogCellModel.swift */ = {isa = PBXFileReference; fileEncoding = 4; lastKnownFileType = sourcecode.swift; path = DialogCellModel.swift; sourceTree = "<group>"; };
		10BAAB111E87B38A00104295 /* MessageCellModel.swift */ = {isa = PBXFileReference; fileEncoding = 4; lastKnownFileType = sourcecode.swift; path = MessageCellModel.swift; sourceTree = "<group>"; };
		10BAAB131E87B3C900104295 /* DialogCell.swift */ = {isa = PBXFileReference; fileEncoding = 4; lastKnownFileType = sourcecode.swift; path = DialogCell.swift; sourceTree = "<group>"; };
		10BAAB161E87B76000104295 /* Extensions.swift */ = {isa = PBXFileReference; fileEncoding = 4; lastKnownFileType = sourcecode.swift; path = Extensions.swift; sourceTree = "<group>"; };
		10BAAB181E87C1B400104295 /* ConversationController.swift */ = {isa = PBXFileReference; fileEncoding = 4; lastKnownFileType = sourcecode.swift; name = ConversationController.swift; path = Controllers/Dialogs/ConversationController.swift; sourceTree = "<group>"; };
		10BAAB1A1E87C36E00104295 /* MessageCell.swift */ = {isa = PBXFileReference; fileEncoding = 4; lastKnownFileType = sourcecode.swift; path = MessageCell.swift; sourceTree = "<group>"; };
		10BBA0921E94D2AB0071010C /* DataManager.swift */ = {isa = PBXFileReference; fileEncoding = 4; lastKnownFileType = sourcecode.swift; path = DataManager.swift; sourceTree = "<group>"; };
		10BBA0951E94D2EB0071010C /* GCDDataManager.swift */ = {isa = PBXFileReference; fileEncoding = 4; lastKnownFileType = sourcecode.swift; path = GCDDataManager.swift; sourceTree = "<group>"; };
		10BBA0971E94D2FB0071010C /* OperationDataManager.swift */ = {isa = PBXFileReference; fileEncoding = 4; lastKnownFileType = sourcecode.swift; path = OperationDataManager.swift; sourceTree = "<group>"; };
		10BBA09B1E94D4D50071010C /* DataStore.swift */ = {isa = PBXFileReference; fileEncoding = 4; lastKnownFileType = sourcecode.swift; path = DataStore.swift; sourceTree = "<group>"; };
		10BBA09D1E94D5B70071010C /* Profile.swift */ = {isa = PBXFileReference; fileEncoding = 4; lastKnownFileType = sourcecode.swift; path = Profile.swift; sourceTree = "<group>"; };
		B910A2EA1EABBB82005637C1 /* ConversationsListModel.swift */ = {isa = PBXFileReference; fileEncoding = 4; lastKnownFileType = sourcecode.swift; path = ConversationsListModel.swift; sourceTree = "<group>"; };
		B910A2EF1EABBD9D005637C1 /* MPCService.swift */ = {isa = PBXFileReference; fileEncoding = 4; lastKnownFileType = sourcecode.swift; path = MPCService.swift; sourceTree = "<group>"; };
		B910A2F11EABC176005637C1 /* IMPCWorker.swift */ = {isa = PBXFileReference; fileEncoding = 4; lastKnownFileType = sourcecode.swift; path = IMPCWorker.swift; sourceTree = "<group>"; };
		B99814781EAC8EC500B95723 /* RootAssembly.swift */ = {isa = PBXFileReference; fileEncoding = 4; lastKnownFileType = sourcecode.swift; path = RootAssembly.swift; sourceTree = "<group>"; };
		B998147A1EAC8F7B00B95723 /* MPCAssembly.swift */ = {isa = PBXFileReference; fileEncoding = 4; lastKnownFileType = sourcecode.swift; path = MPCAssembly.swift; sourceTree = "<group>"; };
		B998147C1EAC90B000B95723 /* ModelsAssembly.swift */ = {isa = PBXFileReference; fileEncoding = 4; lastKnownFileType = sourcecode.swift; path = ModelsAssembly.swift; sourceTree = "<group>"; };
		B998147E1EAC90D400B95723 /* ConversationsListAssembly.swift */ = {isa = PBXFileReference; fileEncoding = 4; lastKnownFileType = sourcecode.swift; path = ConversationsListAssembly.swift; sourceTree = "<group>"; };
		B9B9E88A1EABEA63009CA699 /* IConversationModel.swift */ = {isa = PBXFileReference; fileEncoding = 4; lastKnownFileType = sourcecode.swift; path = IConversationModel.swift; sourceTree = "<group>"; };
		B9B9E88C1EABEB9D009CA699 /* IMessageModel.swift */ = {isa = PBXFileReference; fileEncoding = 4; lastKnownFileType = sourcecode.swift; path = IMessageModel.swift; sourceTree = "<group>"; };
		B9B9E88E1EABF74C009CA699 /* MPCWorker.swift */ = {isa = PBXFileReference; fileEncoding = 4; lastKnownFileType = sourcecode.swift; path = MPCWorker.swift; sourceTree = "<group>"; };
		B9D845311E9D0F1700D6373C /* Communication.swift */ = {isa = PBXFileReference; fileEncoding = 4; lastKnownFileType = sourcecode.swift; path = Communication.swift; sourceTree = "<group>"; };
		B9D845331E9D105200D6373C /* MultipeerCommunicator.swift */ = {isa = PBXFileReference; fileEncoding = 4; lastKnownFileType = sourcecode.swift; path = MultipeerCommunicator.swift; sourceTree = "<group>"; };
		B9D845351E9D263800D6373C /* Constants.swift */ = {isa = PBXFileReference; fileEncoding = 4; lastKnownFileType = sourcecode.swift; path = Constants.swift; sourceTree = "<group>"; };
		B9D845371E9D268400D6373C /* CommunicationManager.swift */ = {isa = PBXFileReference; fileEncoding = 4; lastKnownFileType = sourcecode.swift; path = CommunicationManager.swift; sourceTree = "<group>"; };
/* End PBXFileReference section */

/* Begin PBXFrameworksBuildPhase section */
		100B0B961E7C5A8E00DD181F /* Frameworks */ = {
			isa = PBXFrameworksBuildPhase;
			buildActionMask = 2147483647;
			files = (
			);
			runOnlyForDeploymentPostprocessing = 0;
		};
/* End PBXFrameworksBuildPhase section */

/* Begin PBXGroup section */
		1005A5821E87E5CF007241BD /* Other */ = {
			isa = PBXGroup;
			children = (
			);
			path = Other;
			sourceTree = "<group>";
		};
		100B0B901E7C5A8E00DD181F = {
			isa = PBXGroup;
			children = (
				100B0B9B1E7C5A8E00DD181F /* TinkoffChat */,
				100B0B9C1E7C5A8E00DD181F /* AppDelegate.swift */,
				B99814781EAC8EC500B95723 /* RootAssembly.swift */,
				B998147C1EAC90B000B95723 /* ModelsAssembly.swift */,
				100B0BA51E7C5A8E00DD181F /* LaunchScreen.storyboard */,
				100B0BA81E7C5A8E00DD181F /* Info.plist */,
				100B0BA31E7C5A8E00DD181F /* Assets.xcassets */,
				100B0B9A1E7C5A8E00DD181F /* Products */,
			);
			sourceTree = "<group>";
		};
		100B0B9A1E7C5A8E00DD181F /* Products */ = {
			isa = PBXGroup;
			children = (
				100B0B991E7C5A8E00DD181F /* TinkoffChat.app */,
			);
			name = Products;
			sourceTree = "<group>";
		};
		100B0B9B1E7C5A8E00DD181F /* TinkoffChat */ = {
			isa = PBXGroup;
			children = (
				B93675451EA34AF500B69AC8 /* CoreLayer */,
				B93675441EA34AEF00B69AC8 /* ServiceLayer */,
				B93675431EA34AE500B69AC8 /* PresentationLayer */,
				10BAAB071E87B0B100104295 /* Controllers */,
				10BAAB041E87AFFD00104295 /* GUI */,
				10BAAB151E87B75400104295 /* Helpers */,
				10BAAB0D1E87B2AF00104295 /* Models */,
				1005A5821E87E5CF007241BD /* Other */,
				10BAAB0E1E87B2B600104295 /* Views */,
			);
			path = TinkoffChat;
			sourceTree = "<group>";
		};
		10BAAB041E87AFFD00104295 /* GUI */ = {
			isa = PBXGroup;
			children = (
			);
			path = GUI;
			sourceTree = "<group>";
		};
		10BAAB071E87B0B100104295 /* Controllers */ = {
			isa = PBXGroup;
			children = (
				10BBA0941E94D2C80071010C /* DataManagement */,
				10BAAB0A1E87B0DA00104295 /* Dialogs */,
				B9D845301E9D0EED00D6373C /* MPC */,
				100B0B9E1E7C5A8E00DD181F /* ProfileController.swift */,
			);
			path = Controllers;
			sourceTree = "<group>";
		};
		10BAAB0A1E87B0DA00104295 /* Dialogs */ = {
			isa = PBXGroup;
			children = (
			);
			path = Dialogs;
			sourceTree = "<group>";
		};
		10BAAB0D1E87B2AF00104295 /* Models */ = {
			isa = PBXGroup;
			children = (
				B9D845311E9D0F1700D6373C /* Communication.swift */,
				10BBA0921E94D2AB0071010C /* DataManager.swift */,
				10BAAB0F1E87B2FD00104295 /* DialogCellModel.swift */,
				10BAAB111E87B38A00104295 /* MessageCellModel.swift */,
				10BBA09D1E94D5B70071010C /* Profile.swift */,
			);
			path = Models;
			sourceTree = "<group>";
		};
		10BAAB0E1E87B2B600104295 /* Views */ = {
			isa = PBXGroup;
			children = (
				10BAAB131E87B3C900104295 /* DialogCell.swift */,
				10BAAB1A1E87C36E00104295 /* MessageCell.swift */,
			);
			path = Views;
			sourceTree = "<group>";
		};
		10BAAB151E87B75400104295 /* Helpers */ = {
			isa = PBXGroup;
			children = (
				B9D845351E9D263800D6373C /* Constants.swift */,
				10BAAB161E87B76000104295 /* Extensions.swift */,
			);
			path = Helpers;
			sourceTree = "<group>";
		};
		10BBA0941E94D2C80071010C /* DataManagement */ = {
			isa = PBXGroup;
			children = (
				10BBA09B1E94D4D50071010C /* DataStore.swift */,
				10BBA0951E94D2EB0071010C /* GCDDataManager.swift */,
				10BBA0971E94D2FB0071010C /* OperationDataManager.swift */,
			);
			path = DataManagement;
			sourceTree = "<group>";
		};
		B910A2E91EABBA22005637C1 /* Conversations */ = {
			isa = PBXGroup;
			children = (
				B998147E1EAC90D400B95723 /* ConversationsListAssembly.swift */,
				B910A2EA1EABBB82005637C1 /* ConversationsListModel.swift */,
				10BAAB081E87B0D800104295 /* ConversationsListViewController.swift */,
			);
			name = Conversations;
			sourceTree = "<group>";
		};
		B910A2EC1EABBBEC005637C1 /* Common */ = {
			isa = PBXGroup;
			children = (
				B9B9E88A1EABEA63009CA699 /* IConversationModel.swift */,
				B9B9E88C1EABEB9D009CA699 /* IMessageModel.swift */,
			);
			name = Common;
			sourceTree = "<group>";
		};
		B9291BF91EACE1DA00B4358F /* Conversation */ = {
			isa = PBXGroup;
			children = (
				10BAAB181E87C1B400104295 /* ConversationController.swift */,
			);
			name = Conversation;
			sourceTree = "<group>";
		};
		B93675431EA34AE500B69AC8 /* PresentationLayer */ = {
			isa = PBXGroup;
			children = (
				B9E4189E1EAA47B100FE1EA3 /* Modules */,
				10BAAB051E87B04000104295 /* Main.storyboard */,
			);
			name = PresentationLayer;
			sourceTree = "<group>";
		};
		B93675441EA34AEF00B69AC8 /* ServiceLayer */ = {
			isa = PBXGroup;
			children = (
				B910A2EF1EABBD9D005637C1 /* MPCService.swift */,
				B998147A1EAC8F7B00B95723 /* MPCAssembly.swift */,
			);
			name = ServiceLayer;
			sourceTree = "<group>";
		};
		B93675451EA34AF500B69AC8 /* CoreLayer */ = {
			isa = PBXGroup;
			children = (
				B910A2F11EABC176005637C1 /* IMPCWorker.swift */,
				B9B9E88E1EABF74C009CA699 /* MPCWorker.swift */,
			);
			name = CoreLayer;
			sourceTree = "<group>";
		};
		B9D845301E9D0EED00D6373C /* MPC */ = {
			isa = PBXGroup;
			children = (
				B9D845371E9D268400D6373C /* CommunicationManager.swift */,
				B9D845331E9D105200D6373C /* MultipeerCommunicator.swift */,
			);
			path = MPC;
			sourceTree = "<group>";
		};
		B9E4189E1EAA47B100FE1EA3 /* Modules */ = {
			isa = PBXGroup;
			children = (
				B910A2EC1EABBBEC005637C1 /* Common */,
				B9291BF91EACE1DA00B4358F /* Conversation */,
				B910A2E91EABBA22005637C1 /* Conversations */,
			);
			name = Modules;
			sourceTree = "<group>";
		};
/* End PBXGroup section */

/* Begin PBXNativeTarget section */
		100B0B981E7C5A8E00DD181F /* TinkoffChat */ = {
			isa = PBXNativeTarget;
			buildConfigurationList = 100B0BAB1E7C5A8E00DD181F /* Build configuration list for PBXNativeTarget "TinkoffChat" */;
			buildPhases = (
				100B0B951E7C5A8E00DD181F /* Sources */,
				100B0B961E7C5A8E00DD181F /* Frameworks */,
				100B0B971E7C5A8E00DD181F /* Resources */,
			);
			buildRules = (
			);
			dependencies = (
			);
			name = TinkoffChat;
			productName = TinkoffChat;
			productReference = 100B0B991E7C5A8E00DD181F /* TinkoffChat.app */;
			productType = "com.apple.product-type.application";
		};
/* End PBXNativeTarget section */

/* Begin PBXProject section */
		100B0B911E7C5A8E00DD181F /* Project object */ = {
			isa = PBXProject;
			attributes = {
				LastSwiftUpdateCheck = 0820;
				LastUpgradeCheck = 0820;
				ORGANIZATIONNAME = Evgeniy;
				TargetAttributes = {
					100B0B981E7C5A8E00DD181F = {
						CreatedOnToolsVersion = 8.2.1;
						DevelopmentTeam = VD97XKT54M;
						ProvisioningStyle = Automatic;
					};
				};
			};
			buildConfigurationList = 100B0B941E7C5A8E00DD181F /* Build configuration list for PBXProject "TinkoffChat" */;
			compatibilityVersion = "Xcode 3.2";
			developmentRegion = English;
			hasScannedForEncodings = 0;
			knownRegions = (
				en,
				Base,
			);
			mainGroup = 100B0B901E7C5A8E00DD181F;
			productRefGroup = 100B0B9A1E7C5A8E00DD181F /* Products */;
			projectDirPath = "";
			projectRoot = "";
			targets = (
				100B0B981E7C5A8E00DD181F /* TinkoffChat */,
			);
		};
/* End PBXProject section */

/* Begin PBXResourcesBuildPhase section */
		100B0B971E7C5A8E00DD181F /* Resources */ = {
			isa = PBXResourcesBuildPhase;
			buildActionMask = 2147483647;
			files = (
				10BAAB061E87B04000104295 /* Main.storyboard in Resources */,
				100B0BA71E7C5A8E00DD181F /* LaunchScreen.storyboard in Resources */,
				100B0BA41E7C5A8E00DD181F /* Assets.xcassets in Resources */,
			);
			runOnlyForDeploymentPostprocessing = 0;
		};
/* End PBXResourcesBuildPhase section */

/* Begin PBXSourcesBuildPhase section */
		100B0B951E7C5A8E00DD181F /* Sources */ = {
			isa = PBXSourcesBuildPhase;
			buildActionMask = 2147483647;
			files = (
				10BBA09E1E94D5B70071010C /* Profile.swift in Sources */,
				B9D845361E9D263800D6373C /* Constants.swift in Sources */,
				B9B9E88B1EABEA63009CA699 /* IConversationModel.swift in Sources */,
				10BBA0981E94D2FB0071010C /* OperationDataManager.swift in Sources */,
				B998147F1EAC90D400B95723 /* ConversationsListAssembly.swift in Sources */,
				10BAAB1B1E87C36E00104295 /* MessageCell.swift in Sources */,
				B99814791EAC8EC500B95723 /* RootAssembly.swift in Sources */,
				B910A2F21EABC176005637C1 /* IMPCWorker.swift in Sources */,
				10BAAB091E87B0D800104295 /* ConversationsListViewController.swift in Sources */,
				10BAAB101E87B2FD00104295 /* DialogCellModel.swift in Sources */,
				10BAAB171E87B76000104295 /* Extensions.swift in Sources */,
				10BAAB121E87B38A00104295 /* MessageCellModel.swift in Sources */,
				10BBA09C1E94D4D50071010C /* DataStore.swift in Sources */,
				10BBA0961E94D2EB0071010C /* GCDDataManager.swift in Sources */,
				B9D845381E9D268400D6373C /* CommunicationManager.swift in Sources */,
				100B0B9F1E7C5A8E00DD181F /* ProfileController.swift in Sources */,
				10BAAB191E87C1B400104295 /* ConversationController.swift in Sources */,
				B9D845321E9D0F1700D6373C /* Communication.swift in Sources */,
				10BBA0931E94D2AB0071010C /* DataManager.swift in Sources */,
				100B0B9D1E7C5A8E00DD181F /* AppDelegate.swift in Sources */,
				B9D845341E9D105200D6373C /* MultipeerCommunicator.swift in Sources */,
				B910A2F01EABBD9D005637C1 /* MPCService.swift in Sources */,
				B998147B1EAC8F7B00B95723 /* MPCAssembly.swift in Sources */,
				B9B9E88F1EABF74C009CA699 /* MPCWorker.swift in Sources */,
				B998147D1EAC90B000B95723 /* ModelsAssembly.swift in Sources */,
				B9B9E88D1EABEB9D009CA699 /* IMessageModel.swift in Sources */,
				10BAAB141E87B3C900104295 /* DialogCell.swift in Sources */,
				B910A2EB1EABBB82005637C1 /* ConversationsListModel.swift in Sources */,
			);
			runOnlyForDeploymentPostprocessing = 0;
		};
/* End PBXSourcesBuildPhase section */

/* Begin PBXVariantGroup section */
		100B0BA51E7C5A8E00DD181F /* LaunchScreen.storyboard */ = {
			isa = PBXVariantGroup;
			children = (
				100B0BA61E7C5A8E00DD181F /* Base */,
			);
			name = LaunchScreen.storyboard;
			path = TinkoffChat/Other/.;
			sourceTree = "<group>";
		};
/* End PBXVariantGroup section */

/* Begin XCBuildConfiguration section */
		100B0BA91E7C5A8E00DD181F /* Debug */ = {
			isa = XCBuildConfiguration;
			buildSettings = {
				ALWAYS_SEARCH_USER_PATHS = NO;
				CLANG_ANALYZER_NONNULL = YES;
				CLANG_CXX_LANGUAGE_STANDARD = "gnu++0x";
				CLANG_CXX_LIBRARY = "libc++";
				CLANG_ENABLE_MODULES = YES;
				CLANG_ENABLE_OBJC_ARC = YES;
				CLANG_WARN_BOOL_CONVERSION = YES;
				CLANG_WARN_CONSTANT_CONVERSION = YES;
				CLANG_WARN_DIRECT_OBJC_ISA_USAGE = YES_ERROR;
				CLANG_WARN_DOCUMENTATION_COMMENTS = YES;
				CLANG_WARN_EMPTY_BODY = YES;
				CLANG_WARN_ENUM_CONVERSION = YES;
				CLANG_WARN_INFINITE_RECURSION = YES;
				CLANG_WARN_INT_CONVERSION = YES;
				CLANG_WARN_OBJC_ROOT_CLASS = YES_ERROR;
				CLANG_WARN_SUSPICIOUS_MOVE = YES;
				CLANG_WARN_UNREACHABLE_CODE = YES;
				CLANG_WARN__DUPLICATE_METHOD_MATCH = YES;
				"CODE_SIGN_IDENTITY[sdk=iphoneos*]" = "iPhone Developer";
				COPY_PHASE_STRIP = NO;
				DEBUG_INFORMATION_FORMAT = dwarf;
				ENABLE_STRICT_OBJC_MSGSEND = YES;
				ENABLE_TESTABILITY = YES;
				GCC_C_LANGUAGE_STANDARD = gnu99;
				GCC_DYNAMIC_NO_PIC = NO;
				GCC_NO_COMMON_BLOCKS = YES;
				GCC_OPTIMIZATION_LEVEL = 0;
				GCC_PREPROCESSOR_DEFINITIONS = (
					"DEBUG=1",
					"$(inherited)",
				);
				GCC_WARN_64_TO_32_BIT_CONVERSION = YES;
				GCC_WARN_ABOUT_RETURN_TYPE = YES_ERROR;
				GCC_WARN_UNDECLARED_SELECTOR = YES;
				GCC_WARN_UNINITIALIZED_AUTOS = YES_AGGRESSIVE;
				GCC_WARN_UNUSED_FUNCTION = YES;
				GCC_WARN_UNUSED_VARIABLE = YES;
				IPHONEOS_DEPLOYMENT_TARGET = 10.2;
				MTL_ENABLE_DEBUG_INFO = YES;
				ONLY_ACTIVE_ARCH = YES;
				SDKROOT = iphoneos;
				SWIFT_ACTIVE_COMPILATION_CONDITIONS = DEBUG;
				SWIFT_OPTIMIZATION_LEVEL = "-Onone";
			};
			name = Debug;
		};
		100B0BAA1E7C5A8E00DD181F /* Release */ = {
			isa = XCBuildConfiguration;
			buildSettings = {
				ALWAYS_SEARCH_USER_PATHS = NO;
				CLANG_ANALYZER_NONNULL = YES;
				CLANG_CXX_LANGUAGE_STANDARD = "gnu++0x";
				CLANG_CXX_LIBRARY = "libc++";
				CLANG_ENABLE_MODULES = YES;
				CLANG_ENABLE_OBJC_ARC = YES;
				CLANG_WARN_BOOL_CONVERSION = YES;
				CLANG_WARN_CONSTANT_CONVERSION = YES;
				CLANG_WARN_DIRECT_OBJC_ISA_USAGE = YES_ERROR;
				CLANG_WARN_DOCUMENTATION_COMMENTS = YES;
				CLANG_WARN_EMPTY_BODY = YES;
				CLANG_WARN_ENUM_CONVERSION = YES;
				CLANG_WARN_INFINITE_RECURSION = YES;
				CLANG_WARN_INT_CONVERSION = YES;
				CLANG_WARN_OBJC_ROOT_CLASS = YES_ERROR;
				CLANG_WARN_SUSPICIOUS_MOVE = YES;
				CLANG_WARN_UNREACHABLE_CODE = YES;
				CLANG_WARN__DUPLICATE_METHOD_MATCH = YES;
				"CODE_SIGN_IDENTITY[sdk=iphoneos*]" = "iPhone Developer";
				COPY_PHASE_STRIP = NO;
				DEBUG_INFORMATION_FORMAT = "dwarf-with-dsym";
				ENABLE_NS_ASSERTIONS = NO;
				ENABLE_STRICT_OBJC_MSGSEND = YES;
				GCC_C_LANGUAGE_STANDARD = gnu99;
				GCC_NO_COMMON_BLOCKS = YES;
				GCC_WARN_64_TO_32_BIT_CONVERSION = YES;
				GCC_WARN_ABOUT_RETURN_TYPE = YES_ERROR;
				GCC_WARN_UNDECLARED_SELECTOR = YES;
				GCC_WARN_UNINITIALIZED_AUTOS = YES_AGGRESSIVE;
				GCC_WARN_UNUSED_FUNCTION = YES;
				GCC_WARN_UNUSED_VARIABLE = YES;
				IPHONEOS_DEPLOYMENT_TARGET = 10.2;
				MTL_ENABLE_DEBUG_INFO = NO;
				SDKROOT = iphoneos;
				SWIFT_OPTIMIZATION_LEVEL = "-Owholemodule";
				VALIDATE_PRODUCT = YES;
			};
			name = Release;
		};
		100B0BAC1E7C5A8E00DD181F /* Debug */ = {
			isa = XCBuildConfiguration;
			buildSettings = {
				ALWAYS_EMBED_SWIFT_STANDARD_LIBRARIES = NO;
				ASSETCATALOG_COMPILER_APPICON_NAME = AppIcon;
				"CODE_SIGN_IDENTITY[sdk=iphoneos*]" = "iPhone Developer";
				DEVELOPMENT_TEAM = VD97XKT54M;
				INFOPLIST_FILE = TinkoffChat/Other/Info.plist;
				IPHONEOS_DEPLOYMENT_TARGET = 9.0;
				LD_RUNPATH_SEARCH_PATHS = "$(inherited) @executable_path/Frameworks";
				PRODUCT_BUNDLE_IDENTIFIER = hw.eugene.TinkoffChat;
				PRODUCT_NAME = "$(TARGET_NAME)";
				PROVISIONING_PROFILE = "";
				PROVISIONING_PROFILE_SPECIFIER = "";
				SWIFT_VERSION = 3.0;
			};
			name = Debug;
		};
		100B0BAD1E7C5A8E00DD181F /* Release */ = {
			isa = XCBuildConfiguration;
			buildSettings = {
				ALWAYS_EMBED_SWIFT_STANDARD_LIBRARIES = NO;
				ASSETCATALOG_COMPILER_APPICON_NAME = AppIcon;
				"CODE_SIGN_IDENTITY[sdk=iphoneos*]" = "iPhone Developer";
				DEVELOPMENT_TEAM = VD97XKT54M;
				INFOPLIST_FILE = TinkoffChat/Other/Info.plist;
				IPHONEOS_DEPLOYMENT_TARGET = 9.0;
				LD_RUNPATH_SEARCH_PATHS = "$(inherited) @executable_path/Frameworks";
				PRODUCT_BUNDLE_IDENTIFIER = hw.eugene.TinkoffChat;
				PRODUCT_NAME = "$(TARGET_NAME)";
				SWIFT_VERSION = 3.0;
			};
			name = Release;
		};
/* End XCBuildConfiguration section */

/* Begin XCConfigurationList section */
		100B0B941E7C5A8E00DD181F /* Build configuration list for PBXProject "TinkoffChat" */ = {
			isa = XCConfigurationList;
			buildConfigurations = (
				100B0BA91E7C5A8E00DD181F /* Debug */,
				100B0BAA1E7C5A8E00DD181F /* Release */,
			);
			defaultConfigurationIsVisible = 0;
			defaultConfigurationName = Release;
		};
		100B0BAB1E7C5A8E00DD181F /* Build configuration list for PBXNativeTarget "TinkoffChat" */ = {
			isa = XCConfigurationList;
			buildConfigurations = (
				100B0BAC1E7C5A8E00DD181F /* Debug */,
				100B0BAD1E7C5A8E00DD181F /* Release */,
			);
			defaultConfigurationIsVisible = 0;
			defaultConfigurationName = Release;
		};
/* End XCConfigurationList section */
	};
	rootObject = 100B0B911E7C5A8E00DD181F /* Project object */;
}
