// !$*UTF8*$!
{
	archiveVersion = 1;
	classes = {
	};
	objectVersion = 46;
	objects = {

/* Begin PBXBuildFile section */
		100B0B9F1E7C5A8E00DD181F /* ProfileViewController.swift in Sources */ = {isa = PBXBuildFile; fileRef = 100B0B9E1E7C5A8E00DD181F /* ProfileViewController.swift */; };
		100B0BA41E7C5A8E00DD181F /* Assets.xcassets in Resources */ = {isa = PBXBuildFile; fileRef = 100B0BA31E7C5A8E00DD181F /* Assets.xcassets */; };
		100B0BA71E7C5A8E00DD181F /* LaunchScreen.storyboard in Resources */ = {isa = PBXBuildFile; fileRef = 100B0BA51E7C5A8E00DD181F /* LaunchScreen.storyboard */; };
		10BAAB061E87B04000104295 /* Main.storyboard in Resources */ = {isa = PBXBuildFile; fileRef = 10BAAB051E87B04000104295 /* Main.storyboard */; };
		10BAAB091E87B0D800104295 /* ConversationsListViewController.swift in Sources */ = {isa = PBXBuildFile; fileRef = 10BAAB081E87B0D800104295 /* ConversationsListViewController.swift */; };
		10BAAB141E87B3C900104295 /* ConversationsListCell.swift in Sources */ = {isa = PBXBuildFile; fileRef = 10BAAB131E87B3C900104295 /* ConversationsListCell.swift */; };
		10BAAB171E87B76000104295 /* Extensions.swift in Sources */ = {isa = PBXBuildFile; fileRef = 10BAAB161E87B76000104295 /* Extensions.swift */; };
		10BAAB191E87C1B400104295 /* ConversationViewController.swift in Sources */ = {isa = PBXBuildFile; fileRef = 10BAAB181E87C1B400104295 /* ConversationViewController.swift */; };
		10BAAB1B1E87C36E00104295 /* MessageCell.swift in Sources */ = {isa = PBXBuildFile; fileRef = 10BAAB1A1E87C36E00104295 /* MessageCell.swift */; };
		307B77CB1EB101AA0048B8EC /* ChatModel.xcdatamodeld in Sources */ = {isa = PBXBuildFile; fileRef = 307B77C91EB101AA0048B8EC /* ChatModel.xcdatamodeld */; };
		307B77CD1EB1024C0048B8EC /* CoreDataStack.swift in Sources */ = {isa = PBXBuildFile; fileRef = 307B77CC1EB1024C0048B8EC /* CoreDataStack.swift */; };
		B910A2EB1EABBB82005637C1 /* ConversationsListModel.swift in Sources */ = {isa = PBXBuildFile; fileRef = B910A2EA1EABBB82005637C1 /* ConversationsListModel.swift */; };
		B910A2F01EABBD9D005637C1 /* MPCService.swift in Sources */ = {isa = PBXBuildFile; fileRef = B910A2EF1EABBD9D005637C1 /* MPCService.swift */; };
		B910A2F21EABC176005637C1 /* IMPCWorker.swift in Sources */ = {isa = PBXBuildFile; fileRef = B910A2F11EABC176005637C1 /* IMPCWorker.swift */; };
		B91AEE211EC2243600B7AB3D /* CommunicationHelper.swift in Sources */ = {isa = PBXBuildFile; fileRef = B91AEE201EC2243600B7AB3D /* CommunicationHelper.swift */; };
		B91B03A41EC050590030E7E0 /* DataStoreService.swift in Sources */ = {isa = PBXBuildFile; fileRef = B91B03A31EC050590030E7E0 /* DataStoreService.swift */; };
		B91B03B71EC075320030E7E0 /* Message.swift in Sources */ = {isa = PBXBuildFile; fileRef = B91B03B51EC075320030E7E0 /* Message.swift */; };
		B91B03B81EC075320030E7E0 /* Message+CoreDataProperties.swift in Sources */ = {isa = PBXBuildFile; fileRef = B91B03B61EC075320030E7E0 /* Message+CoreDataProperties.swift */; };
		B91B03BF1EC0758C0030E7E0 /* User.swift in Sources */ = {isa = PBXBuildFile; fileRef = B91B03B91EC0758C0030E7E0 /* User.swift */; };
		B91B03C01EC0758C0030E7E0 /* User+CoreDataProperties.swift in Sources */ = {isa = PBXBuildFile; fileRef = B91B03BA1EC0758C0030E7E0 /* User+CoreDataProperties.swift */; };
		B91B03C11EC0758C0030E7E0 /* Conversation.swift in Sources */ = {isa = PBXBuildFile; fileRef = B91B03BB1EC0758C0030E7E0 /* Conversation.swift */; };
		B91B03C21EC0758C0030E7E0 /* Conversation+CoreDataProperties.swift in Sources */ = {isa = PBXBuildFile; fileRef = B91B03BC1EC0758C0030E7E0 /* Conversation+CoreDataProperties.swift */; };
		B91B03C31EC0758C0030E7E0 /* AppUser.swift in Sources */ = {isa = PBXBuildFile; fileRef = B91B03BD1EC0758C0030E7E0 /* AppUser.swift */; };
		B91B03C41EC0758C0030E7E0 /* AppUser+CoreDataProperties.swift in Sources */ = {isa = PBXBuildFile; fileRef = B91B03BE1EC0758C0030E7E0 /* AppUser+CoreDataProperties.swift */; };
		B91BEF941EC0992200467798 /* CoreDataService.swift in Sources */ = {isa = PBXBuildFile; fileRef = B91BEF931EC0992200467798 /* CoreDataService.swift */; };
		B91BEF991EC0AA2500467798 /* FetchRequestProvider.swift in Sources */ = {isa = PBXBuildFile; fileRef = B91BEF981EC0AA2500467798 /* FetchRequestProvider.swift */; };
		B926E3341EB60CCA00EFF3AC /* StorageManager.swift in Sources */ = {isa = PBXBuildFile; fileRef = B926E3331EB60CCA00EFF3AC /* StorageManager.swift */; };
		B926E33D1EB6115500EFF3AC /* Profile.swift in Sources */ = {isa = PBXBuildFile; fileRef = B926E33B1EB6115500EFF3AC /* Profile.swift */; };
		B926E33E1EB6115500EFF3AC /* Profile+CoreDataProperties.swift in Sources */ = {isa = PBXBuildFile; fileRef = B926E33C1EB6115500EFF3AC /* Profile+CoreDataProperties.swift */; };
		B926E3421EB6234200EFF3AC /* ManagedObjectConvertible.swift in Sources */ = {isa = PBXBuildFile; fileRef = B926E3411EB6234200EFF3AC /* ManagedObjectConvertible.swift */; };
		B926E3441EB623C300EFF3AC /* IManagedObject.swift in Sources */ = {isa = PBXBuildFile; fileRef = B926E3431EB623C300EFF3AC /* IManagedObject.swift */; };
		B926E3461EB62C0D00EFF3AC /* CoreDataWorker.swift in Sources */ = {isa = PBXBuildFile; fileRef = B926E3451EB62C0D00EFF3AC /* CoreDataWorker.swift */; };
		B9291BFB1EACEC5800B4358F /* ConversationModel.swift in Sources */ = {isa = PBXBuildFile; fileRef = B9291BFA1EACEC5800B4358F /* ConversationModel.swift */; };
		B9291BFD1EACEC6200B4358F /* ConversationAssembly.swift in Sources */ = {isa = PBXBuildFile; fileRef = B9291BFC1EACEC6200B4358F /* ConversationAssembly.swift */; };
		B9291C101EAD0F7F00B4358F /* ProfileModel.swift in Sources */ = {isa = PBXBuildFile; fileRef = B9291C0F1EAD0F7F00B4358F /* ProfileModel.swift */; };
		B9291C121EAD10A500B4358F /* ProfileAssembly.swift in Sources */ = {isa = PBXBuildFile; fileRef = B9291C111EAD10A500B4358F /* ProfileAssembly.swift */; };
		B948204C1EAD1BF500052AA9 /* AppDelegate.swift in Sources */ = {isa = PBXBuildFile; fileRef = B948204B1EAD1BF500052AA9 /* AppDelegate.swift */; };
		B95ED5081EC879F200EBD076 /* ImagePickerViewController.swift in Sources */ = {isa = PBXBuildFile; fileRef = B95ED5071EC879F200EBD076 /* ImagePickerViewController.swift */; };
		B95ED50A1EC87CC700EBD076 /* ImageCell.swift in Sources */ = {isa = PBXBuildFile; fileRef = B95ED5091EC87CC700EBD076 /* ImageCell.swift */; };
		B95ED50C1EC889A800EBD076 /* ImagePickerModel.swift in Sources */ = {isa = PBXBuildFile; fileRef = B95ED50B1EC889A800EBD076 /* ImagePickerModel.swift */; };
		B95ED50E1EC88AD900EBD076 /* ImagePickerAssembly.swift in Sources */ = {isa = PBXBuildFile; fileRef = B95ED50D1EC88AD900EBD076 /* ImagePickerAssembly.swift */; };
		B95ED5121EC88C9600EBD076 /* ImageLoaderService.swift in Sources */ = {isa = PBXBuildFile; fileRef = B95ED5111EC88C9600EBD076 /* ImageLoaderService.swift */; };
		B99322731EB719BF0051FEBD /* Result.swift in Sources */ = {isa = PBXBuildFile; fileRef = B99322721EB719BF0051FEBD /* Result.swift */; };
		B998147B1EAC8F7B00B95723 /* MPCAssembly.swift in Sources */ = {isa = PBXBuildFile; fileRef = B998147A1EAC8F7B00B95723 /* MPCAssembly.swift */; };
		B998147F1EAC90D400B95723 /* ConversationsListAssembly.swift in Sources */ = {isa = PBXBuildFile; fileRef = B998147E1EAC90D400B95723 /* ConversationsListAssembly.swift */; };
		B999037A1EB722380047313B /* ModelValidable.swift in Sources */ = {isa = PBXBuildFile; fileRef = B99903791EB722380047313B /* ModelValidable.swift */; };
		B9B9E88F1EABF74C009CA699 /* MPCWorker.swift in Sources */ = {isa = PBXBuildFile; fileRef = B9B9E88E1EABF74C009CA699 /* MPCWorker.swift */; };
		B9C696E81EC7A2DA0021CCED /* MPCCoreDataHelper.swift in Sources */ = {isa = PBXBuildFile; fileRef = B9C696E71EC7A2DA0021CCED /* MPCCoreDataHelper.swift */; };
		B9C696EA1EC7A4620021CCED /* CoreDataAssembly.swift in Sources */ = {isa = PBXBuildFile; fileRef = B9C696E91EC7A4620021CCED /* CoreDataAssembly.swift */; };
		B9D845361E9D263800D6373C /* Constants.swift in Sources */ = {isa = PBXBuildFile; fileRef = B9D845351E9D263800D6373C /* Constants.swift */; };
		B9F04F321EC836FC00AEA713 /* FetchedResultsControllerProviderService.swift in Sources */ = {isa = PBXBuildFile; fileRef = B9F04F311EC836FC00AEA713 /* FetchedResultsControllerProviderService.swift */; };
		B9F04F381EC860C800AEA713 /* .swiftlint.yml in Resources */ = {isa = PBXBuildFile; fileRef = B9F04F371EC860C800AEA713 /* .swiftlint.yml */; };
/* End PBXBuildFile section */

/* Begin PBXFileReference section */
		100B0B991E7C5A8E00DD181F /* TinkoffChat.app */ = {isa = PBXFileReference; explicitFileType = wrapper.application; includeInIndex = 0; path = TinkoffChat.app; sourceTree = BUILT_PRODUCTS_DIR; };
		100B0B9E1E7C5A8E00DD181F /* ProfileViewController.swift */ = {isa = PBXFileReference; lastKnownFileType = sourcecode.swift; path = ProfileViewController.swift; sourceTree = "<group>"; };
		100B0BA31E7C5A8E00DD181F /* Assets.xcassets */ = {isa = PBXFileReference; lastKnownFileType = folder.assetcatalog; path = Assets.xcassets; sourceTree = "<group>"; };
		100B0BA61E7C5A8E00DD181F /* Base */ = {isa = PBXFileReference; lastKnownFileType = file.storyboard; name = Base; path = Base.lproj/LaunchScreen.storyboard; sourceTree = "<group>"; };
		100B0BA81E7C5A8E00DD181F /* Info.plist */ = {isa = PBXFileReference; lastKnownFileType = text.plist.xml; path = Info.plist; sourceTree = "<group>"; };
		10BAAB051E87B04000104295 /* Main.storyboard */ = {isa = PBXFileReference; fileEncoding = 4; lastKnownFileType = file.storyboard; path = Main.storyboard; sourceTree = "<group>"; };
		10BAAB081E87B0D800104295 /* ConversationsListViewController.swift */ = {isa = PBXFileReference; fileEncoding = 4; lastKnownFileType = sourcecode.swift; path = ConversationsListViewController.swift; sourceTree = "<group>"; };
		10BAAB131E87B3C900104295 /* ConversationsListCell.swift */ = {isa = PBXFileReference; fileEncoding = 4; lastKnownFileType = sourcecode.swift; path = ConversationsListCell.swift; sourceTree = "<group>"; };
		10BAAB161E87B76000104295 /* Extensions.swift */ = {isa = PBXFileReference; fileEncoding = 4; lastKnownFileType = sourcecode.swift; path = Extensions.swift; sourceTree = "<group>"; };
		10BAAB181E87C1B400104295 /* ConversationViewController.swift */ = {isa = PBXFileReference; fileEncoding = 4; lastKnownFileType = sourcecode.swift; path = ConversationViewController.swift; sourceTree = "<group>"; };
		10BAAB1A1E87C36E00104295 /* MessageCell.swift */ = {isa = PBXFileReference; fileEncoding = 4; lastKnownFileType = sourcecode.swift; path = MessageCell.swift; sourceTree = "<group>"; };
		307B77CA1EB101AA0048B8EC /* ChatModel.xcdatamodel */ = {isa = PBXFileReference; lastKnownFileType = wrapper.xcdatamodel; path = ChatModel.xcdatamodel; sourceTree = "<group>"; };
		307B77CC1EB1024C0048B8EC /* CoreDataStack.swift */ = {isa = PBXFileReference; fileEncoding = 4; lastKnownFileType = sourcecode.swift; path = CoreDataStack.swift; sourceTree = "<group>"; };
		B910A2EA1EABBB82005637C1 /* ConversationsListModel.swift */ = {isa = PBXFileReference; fileEncoding = 4; lastKnownFileType = sourcecode.swift; path = ConversationsListModel.swift; sourceTree = "<group>"; };
		B910A2EF1EABBD9D005637C1 /* MPCService.swift */ = {isa = PBXFileReference; fileEncoding = 4; lastKnownFileType = sourcecode.swift; path = MPCService.swift; sourceTree = "<group>"; };
		B910A2F11EABC176005637C1 /* IMPCWorker.swift */ = {isa = PBXFileReference; fileEncoding = 4; lastKnownFileType = sourcecode.swift; path = IMPCWorker.swift; sourceTree = "<group>"; };
		B91AEE201EC2243600B7AB3D /* CommunicationHelper.swift */ = {isa = PBXFileReference; fileEncoding = 4; lastKnownFileType = sourcecode.swift; path = CommunicationHelper.swift; sourceTree = "<group>"; };
		B91B03A31EC050590030E7E0 /* DataStoreService.swift */ = {isa = PBXFileReference; fileEncoding = 4; lastKnownFileType = sourcecode.swift; path = DataStoreService.swift; sourceTree = "<group>"; };
		B91B03B51EC075320030E7E0 /* Message.swift */ = {isa = PBXFileReference; fileEncoding = 4; lastKnownFileType = sourcecode.swift; path = Message.swift; sourceTree = "<group>"; };
		B91B03B61EC075320030E7E0 /* Message+CoreDataProperties.swift */ = {isa = PBXFileReference; fileEncoding = 4; lastKnownFileType = sourcecode.swift; path = "Message+CoreDataProperties.swift"; sourceTree = "<group>"; };
		B91B03B91EC0758C0030E7E0 /* User.swift */ = {isa = PBXFileReference; fileEncoding = 4; lastKnownFileType = sourcecode.swift; path = User.swift; sourceTree = "<group>"; };
		B91B03BA1EC0758C0030E7E0 /* User+CoreDataProperties.swift */ = {isa = PBXFileReference; fileEncoding = 4; lastKnownFileType = sourcecode.swift; path = "User+CoreDataProperties.swift"; sourceTree = "<group>"; };
		B91B03BB1EC0758C0030E7E0 /* Conversation.swift */ = {isa = PBXFileReference; fileEncoding = 4; lastKnownFileType = sourcecode.swift; path = Conversation.swift; sourceTree = "<group>"; };
		B91B03BC1EC0758C0030E7E0 /* Conversation+CoreDataProperties.swift */ = {isa = PBXFileReference; fileEncoding = 4; lastKnownFileType = sourcecode.swift; path = "Conversation+CoreDataProperties.swift"; sourceTree = "<group>"; };
		B91B03BD1EC0758C0030E7E0 /* AppUser.swift */ = {isa = PBXFileReference; fileEncoding = 4; lastKnownFileType = sourcecode.swift; path = AppUser.swift; sourceTree = "<group>"; };
		B91B03BE1EC0758C0030E7E0 /* AppUser+CoreDataProperties.swift */ = {isa = PBXFileReference; fileEncoding = 4; lastKnownFileType = sourcecode.swift; path = "AppUser+CoreDataProperties.swift"; sourceTree = "<group>"; };
		B91BEF931EC0992200467798 /* CoreDataService.swift */ = {isa = PBXFileReference; fileEncoding = 4; lastKnownFileType = sourcecode.swift; path = CoreDataService.swift; sourceTree = "<group>"; };
		B91BEF981EC0AA2500467798 /* FetchRequestProvider.swift */ = {isa = PBXFileReference; fileEncoding = 4; lastKnownFileType = sourcecode.swift; path = FetchRequestProvider.swift; sourceTree = "<group>"; };
		B926E3331EB60CCA00EFF3AC /* StorageManager.swift */ = {isa = PBXFileReference; fileEncoding = 4; lastKnownFileType = sourcecode.swift; path = StorageManager.swift; sourceTree = "<group>"; };
		B926E33B1EB6115500EFF3AC /* Profile.swift */ = {isa = PBXFileReference; fileEncoding = 4; lastKnownFileType = sourcecode.swift; path = Profile.swift; sourceTree = "<group>"; };
		B926E33C1EB6115500EFF3AC /* Profile+CoreDataProperties.swift */ = {isa = PBXFileReference; fileEncoding = 4; lastKnownFileType = sourcecode.swift; path = "Profile+CoreDataProperties.swift"; sourceTree = "<group>"; };
		B926E3411EB6234200EFF3AC /* ManagedObjectConvertible.swift */ = {isa = PBXFileReference; fileEncoding = 4; lastKnownFileType = sourcecode.swift; path = ManagedObjectConvertible.swift; sourceTree = "<group>"; };
		B926E3431EB623C300EFF3AC /* IManagedObject.swift */ = {isa = PBXFileReference; fileEncoding = 4; lastKnownFileType = sourcecode.swift; path = IManagedObject.swift; sourceTree = "<group>"; };
		B926E3451EB62C0D00EFF3AC /* CoreDataWorker.swift */ = {isa = PBXFileReference; fileEncoding = 4; lastKnownFileType = sourcecode.swift; path = CoreDataWorker.swift; sourceTree = "<group>"; };
		B9291BFA1EACEC5800B4358F /* ConversationModel.swift */ = {isa = PBXFileReference; fileEncoding = 4; lastKnownFileType = sourcecode.swift; path = ConversationModel.swift; sourceTree = "<group>"; };
		B9291BFC1EACEC6200B4358F /* ConversationAssembly.swift */ = {isa = PBXFileReference; fileEncoding = 4; lastKnownFileType = sourcecode.swift; path = ConversationAssembly.swift; sourceTree = "<group>"; };
		B9291C0F1EAD0F7F00B4358F /* ProfileModel.swift */ = {isa = PBXFileReference; fileEncoding = 4; lastKnownFileType = sourcecode.swift; path = ProfileModel.swift; sourceTree = "<group>"; };
		B9291C111EAD10A500B4358F /* ProfileAssembly.swift */ = {isa = PBXFileReference; fileEncoding = 4; lastKnownFileType = sourcecode.swift; path = ProfileAssembly.swift; sourceTree = "<group>"; };
		B948204B1EAD1BF500052AA9 /* AppDelegate.swift */ = {isa = PBXFileReference; fileEncoding = 4; lastKnownFileType = sourcecode.swift; path = AppDelegate.swift; sourceTree = "<group>"; };
		B95ED5071EC879F200EBD076 /* ImagePickerViewController.swift */ = {isa = PBXFileReference; fileEncoding = 4; lastKnownFileType = sourcecode.swift; path = ImagePickerViewController.swift; sourceTree = "<group>"; };
		B95ED5091EC87CC700EBD076 /* ImageCell.swift */ = {isa = PBXFileReference; fileEncoding = 4; lastKnownFileType = sourcecode.swift; path = ImageCell.swift; sourceTree = "<group>"; };
		B95ED50B1EC889A800EBD076 /* ImagePickerModel.swift */ = {isa = PBXFileReference; fileEncoding = 4; lastKnownFileType = sourcecode.swift; path = ImagePickerModel.swift; sourceTree = "<group>"; };
		B95ED50D1EC88AD900EBD076 /* ImagePickerAssembly.swift */ = {isa = PBXFileReference; fileEncoding = 4; lastKnownFileType = sourcecode.swift; path = ImagePickerAssembly.swift; sourceTree = "<group>"; };
		B95ED5111EC88C9600EBD076 /* ImageLoaderService.swift */ = {isa = PBXFileReference; fileEncoding = 4; lastKnownFileType = sourcecode.swift; path = ImageLoaderService.swift; sourceTree = "<group>"; };
		B99322721EB719BF0051FEBD /* Result.swift */ = {isa = PBXFileReference; fileEncoding = 4; lastKnownFileType = sourcecode.swift; path = Result.swift; sourceTree = "<group>"; };
		B998147A1EAC8F7B00B95723 /* MPCAssembly.swift */ = {isa = PBXFileReference; fileEncoding = 4; lastKnownFileType = sourcecode.swift; path = MPCAssembly.swift; sourceTree = "<group>"; };
		B998147E1EAC90D400B95723 /* ConversationsListAssembly.swift */ = {isa = PBXFileReference; fileEncoding = 4; lastKnownFileType = sourcecode.swift; path = ConversationsListAssembly.swift; sourceTree = "<group>"; };
		B99903791EB722380047313B /* ModelValidable.swift */ = {isa = PBXFileReference; fileEncoding = 4; lastKnownFileType = sourcecode.swift; path = ModelValidable.swift; sourceTree = "<group>"; };
		B9B9E88E1EABF74C009CA699 /* MPCWorker.swift */ = {isa = PBXFileReference; fileEncoding = 4; lastKnownFileType = sourcecode.swift; path = MPCWorker.swift; sourceTree = "<group>"; };
		B9C696E71EC7A2DA0021CCED /* MPCCoreDataHelper.swift */ = {isa = PBXFileReference; fileEncoding = 4; lastKnownFileType = sourcecode.swift; path = MPCCoreDataHelper.swift; sourceTree = "<group>"; };
		B9C696E91EC7A4620021CCED /* CoreDataAssembly.swift */ = {isa = PBXFileReference; fileEncoding = 4; lastKnownFileType = sourcecode.swift; path = CoreDataAssembly.swift; sourceTree = "<group>"; };
		B9D845351E9D263800D6373C /* Constants.swift */ = {isa = PBXFileReference; fileEncoding = 4; lastKnownFileType = sourcecode.swift; path = Constants.swift; sourceTree = "<group>"; };
		B9F04F311EC836FC00AEA713 /* FetchedResultsControllerProviderService.swift */ = {isa = PBXFileReference; fileEncoding = 4; lastKnownFileType = sourcecode.swift; path = FetchedResultsControllerProviderService.swift; sourceTree = "<group>"; };
		B9F04F371EC860C800AEA713 /* .swiftlint.yml */ = {isa = PBXFileReference; fileEncoding = 4; lastKnownFileType = text; path = .swiftlint.yml; sourceTree = "<group>"; };
/* End PBXFileReference section */

/* Begin PBXFrameworksBuildPhase section */
		100B0B961E7C5A8E00DD181F /* Frameworks */ = {
			isa = PBXFrameworksBuildPhase;
			buildActionMask = 2147483647;
			files = (
			);
			runOnlyForDeploymentPostprocessing = 0;
		};
/* End PBXFrameworksBuildPhase section */

/* Begin PBXGroup section */
		100B0B901E7C5A8E00DD181F = {
			isa = PBXGroup;
			children = (
				100B0B9A1E7C5A8E00DD181F /* Products */,
				100B0B9B1E7C5A8E00DD181F /* TinkoffChat */,
				B9F04F371EC860C800AEA713 /* .swiftlint.yml */,
			);
			sourceTree = "<group>";
		};
		100B0B9A1E7C5A8E00DD181F /* Products */ = {
			isa = PBXGroup;
			children = (
				100B0B991E7C5A8E00DD181F /* TinkoffChat.app */,
			);
			name = Products;
			sourceTree = "<group>";
		};
		100B0B9B1E7C5A8E00DD181F /* TinkoffChat */ = {
			isa = PBXGroup;
			children = (
				B9291C011EAD031A00B4358F /* Common */,
				B93675451EA34AF500B69AC8 /* Core */,
				B93675431EA34AE500B69AC8 /* Presentation */,
				B93675441EA34AEF00B69AC8 /* Service */,
				B948204B1EAD1BF500052AA9 /* AppDelegate.swift */,
			);
			path = TinkoffChat;
			sourceTree = "<group>";
		};
		10BAAB151E87B75400104295 /* Helpers */ = {
			isa = PBXGroup;
			children = (
				B9D845351E9D263800D6373C /* Constants.swift */,
				10BAAB161E87B76000104295 /* Extensions.swift */,
			);
			path = Helpers;
			sourceTree = "<group>";
		};
		30A0EF7E1EB0F5F300296A3D /* CoreData */ = {
			isa = PBXGroup;
			children = (
				B926E3401EB6232100EFF3AC /* Common */,
				B926E3321EB60C7800EFF3AC /* Models */,
				307B77C91EB101AA0048B8EC /* ChatModel.xcdatamodeld */,
				B9C696E91EC7A4620021CCED /* CoreDataAssembly.swift */,
				307B77CC1EB1024C0048B8EC /* CoreDataStack.swift */,
				B926E3451EB62C0D00EFF3AC /* CoreDataWorker.swift */,
				B91BEF981EC0AA2500467798 /* FetchRequestProvider.swift */,
				B926E3331EB60CCA00EFF3AC /* StorageManager.swift */,
			);
			path = CoreData;
			sourceTree = "<group>";
		};
		B910A2E91EABBA22005637C1 /* Conversations */ = {
			isa = PBXGroup;
			children = (
				B998147E1EAC90D400B95723 /* ConversationsListAssembly.swift */,
				10BAAB131E87B3C900104295 /* ConversationsListCell.swift */,
				B910A2EA1EABBB82005637C1 /* ConversationsListModel.swift */,
				10BAAB081E87B0D800104295 /* ConversationsListViewController.swift */,
			);
			path = Conversations;
			sourceTree = "<group>";
		};
		B91AEE1F1EC2242100B7AB3D /* Common */ = {
			isa = PBXGroup;
			children = (
				B91AEE201EC2243600B7AB3D /* CommunicationHelper.swift */,
				B9C696E71EC7A2DA0021CCED /* MPCCoreDataHelper.swift */,
			);
			path = Common;
			sourceTree = "<group>";
		};
		B926E3321EB60C7800EFF3AC /* Models */ = {
			isa = PBXGroup;
			children = (
				B91B03BE1EC0758C0030E7E0 /* AppUser+CoreDataProperties.swift */,
				B91B03BD1EC0758C0030E7E0 /* AppUser.swift */,
				B91B03BC1EC0758C0030E7E0 /* Conversation+CoreDataProperties.swift */,
				B91B03BB1EC0758C0030E7E0 /* Conversation.swift */,
				B91B03B61EC075320030E7E0 /* Message+CoreDataProperties.swift */,
				B91B03B51EC075320030E7E0 /* Message.swift */,
				B926E33C1EB6115500EFF3AC /* Profile+CoreDataProperties.swift */,
				B926E33B1EB6115500EFF3AC /* Profile.swift */,
				B91B03BA1EC0758C0030E7E0 /* User+CoreDataProperties.swift */,
				B91B03B91EC0758C0030E7E0 /* User.swift */,
			);
			path = Models;
			sourceTree = "<group>";
		};
		B926E33F1EB6230C00EFF3AC /* MPC */ = {
			isa = PBXGroup;
			children = (
				B910A2F11EABC176005637C1 /* IMPCWorker.swift */,
				B9B9E88E1EABF74C009CA699 /* MPCWorker.swift */,
			);
			path = MPC;
			sourceTree = "<group>";
		};
		B926E3401EB6232100EFF3AC /* Common */ = {
			isa = PBXGroup;
			children = (
				B926E3431EB623C300EFF3AC /* IManagedObject.swift */,
				B926E3411EB6234200EFF3AC /* ManagedObjectConvertible.swift */,
				B99903791EB722380047313B /* ModelValidable.swift */,
			);
			path = Common;
			sourceTree = "<group>";
		};
		B9291BF91EACE1DA00B4358F /* Conversation */ = {
			isa = PBXGroup;
			children = (
				B9291BFC1EACEC6200B4358F /* ConversationAssembly.swift */,
				B9291BFA1EACEC5800B4358F /* ConversationModel.swift */,
				10BAAB181E87C1B400104295 /* ConversationViewController.swift */,
				10BAAB1A1E87C36E00104295 /* MessageCell.swift */,
			);
			path = Conversation;
			sourceTree = "<group>";
		};
		B9291C011EAD031A00B4358F /* Common */ = {
			isa = PBXGroup;
			children = (
				10BAAB151E87B75400104295 /* Helpers */,
				100B0BA31E7C5A8E00DD181F /* Assets.xcassets */,
				100B0BA81E7C5A8E00DD181F /* Info.plist */,
				100B0BA51E7C5A8E00DD181F /* LaunchScreen.storyboard */,
				B99322721EB719BF0051FEBD /* Result.swift */,
			);
			path = Common;
			sourceTree = "<group>";
		};
		B9291C021EAD03CF00B4358F /* Profile */ = {
			isa = PBXGroup;
			children = (
				B95ED5061EC879DD00EBD076 /* ImagePicker */,
				B9291C111EAD10A500B4358F /* ProfileAssembly.swift */,
				B9291C0F1EAD0F7F00B4358F /* ProfileModel.swift */,
				100B0B9E1E7C5A8E00DD181F /* ProfileViewController.swift */,
			);
			path = Profile;
			sourceTree = "<group>";
		};
		B93675431EA34AE500B69AC8 /* Presentation */ = {
			isa = PBXGroup;
			children = (
				B9E4189E1EAA47B100FE1EA3 /* Modules */,
				10BAAB051E87B04000104295 /* Main.storyboard */,
			);
			name = Presentation;
			path = PresentationLayer;
			sourceTree = "<group>";
		};
		B93675441EA34AEF00B69AC8 /* Service */ = {
			isa = PBXGroup;
			children = (
				B95ED5101EC88C5600EBD076 /* MPC */,
				B95ED50F1EC88C4B00EBD076 /* Data */,
				B95ED5111EC88C9600EBD076 /* ImageLoaderService.swift */,
			);
			name = Service;
			path = ServiceLayer;
			sourceTree = "<group>";
		};
		B93675451EA34AF500B69AC8 /* Core */ = {
			isa = PBXGroup;
			children = (
				B91AEE1F1EC2242100B7AB3D /* Common */,
				30A0EF7E1EB0F5F300296A3D /* CoreData */,
				B926E33F1EB6230C00EFF3AC /* MPC */,
			);
			name = Core;
			path = CoreLayer;
			sourceTree = "<group>";
		};
		B95ED5061EC879DD00EBD076 /* ImagePicker */ = {
			isa = PBXGroup;
			children = (
				B95ED5071EC879F200EBD076 /* ImagePickerViewController.swift */,
				B95ED5091EC87CC700EBD076 /* ImageCell.swift */,
				B95ED50B1EC889A800EBD076 /* ImagePickerModel.swift */,
				B95ED50D1EC88AD900EBD076 /* ImagePickerAssembly.swift */,
			);
			name = ImagePicker;
			sourceTree = "<group>";
		};
		B95ED50F1EC88C4B00EBD076 /* Data */ = {
			isa = PBXGroup;
			children = (
				B91BEF931EC0992200467798 /* CoreDataService.swift */,
				B91B03A31EC050590030E7E0 /* DataStoreService.swift */,
				B9F04F311EC836FC00AEA713 /* FetchedResultsControllerProviderService.swift */,
			);
			name = Data;
			sourceTree = "<group>";
		};
		B95ED5101EC88C5600EBD076 /* MPC */ = {
			isa = PBXGroup;
			children = (
				B998147A1EAC8F7B00B95723 /* MPCAssembly.swift */,
				B910A2EF1EABBD9D005637C1 /* MPCService.swift */,
			);
			name = MPC;
			sourceTree = "<group>";
		};
		B9E4189E1EAA47B100FE1EA3 /* Modules */ = {
			isa = PBXGroup;
			children = (
				B9291BF91EACE1DA00B4358F /* Conversation */,
				B910A2E91EABBA22005637C1 /* Conversations */,
				B9291C021EAD03CF00B4358F /* Profile */,
			);
			path = Modules;
			sourceTree = "<group>";
		};
/* End PBXGroup section */

/* Begin PBXNativeTarget section */
		100B0B981E7C5A8E00DD181F /* TinkoffChat */ = {
			isa = PBXNativeTarget;
			buildConfigurationList = 100B0BAB1E7C5A8E00DD181F /* Build configuration list for PBXNativeTarget "TinkoffChat" */;
			buildPhases = (
				100B0B951E7C5A8E00DD181F /* Sources */,
				100B0B961E7C5A8E00DD181F /* Frameworks */,
				100B0B971E7C5A8E00DD181F /* Resources */,
				B91BEF951EC0A3B800467798 /* ShellScript */,
			);
			buildRules = (
			);
			dependencies = (
			);
			name = TinkoffChat;
			productName = TinkoffChat;
			productReference = 100B0B991E7C5A8E00DD181F /* TinkoffChat.app */;
			productType = "com.apple.product-type.application";
		};
/* End PBXNativeTarget section */

/* Begin PBXProject section */
		100B0B911E7C5A8E00DD181F /* Project object */ = {
			isa = PBXProject;
			attributes = {
				LastSwiftUpdateCheck = 0820;
				LastUpgradeCheck = 0820;
				ORGANIZATIONNAME = Evgeniy;
				TargetAttributes = {
					100B0B981E7C5A8E00DD181F = {
						CreatedOnToolsVersion = 8.2.1;
						DevelopmentTeam = VD97XKT54M;
						ProvisioningStyle = Automatic;
					};
				};
			};
			buildConfigurationList = 100B0B941E7C5A8E00DD181F /* Build configuration list for PBXProject "TinkoffChat" */;
			compatibilityVersion = "Xcode 3.2";
			developmentRegion = English;
			hasScannedForEncodings = 0;
			knownRegions = (
				en,
				Base,
			);
			mainGroup = 100B0B901E7C5A8E00DD181F;
			productRefGroup = 100B0B9A1E7C5A8E00DD181F /* Products */;
			projectDirPath = "";
			projectRoot = "";
			targets = (
				100B0B981E7C5A8E00DD181F /* TinkoffChat */,
			);
		};
/* End PBXProject section */

/* Begin PBXResourcesBuildPhase section */
		100B0B971E7C5A8E00DD181F /* Resources */ = {
			isa = PBXResourcesBuildPhase;
			buildActionMask = 2147483647;
			files = (
				B9F04F381EC860C800AEA713 /* .swiftlint.yml in Resources */,
				10BAAB061E87B04000104295 /* Main.storyboard in Resources */,
				100B0BA71E7C5A8E00DD181F /* LaunchScreen.storyboard in Resources */,
				100B0BA41E7C5A8E00DD181F /* Assets.xcassets in Resources */,
			);
			runOnlyForDeploymentPostprocessing = 0;
		};
/* End PBXResourcesBuildPhase section */

/* Begin PBXShellScriptBuildPhase section */
		B91BEF951EC0A3B800467798 /* ShellScript */ = {
			isa = PBXShellScriptBuildPhase;
			buildActionMask = 2147483647;
			files = (
			);
			inputPaths = (
			);
			outputPaths = (
			);
			runOnlyForDeploymentPostprocessing = 0;
			shellPath = /bin/sh;
			shellScript = "if which swiftlint >/dev/null; then\n    swiftlint\nfi";
		};
/* End PBXShellScriptBuildPhase section */

/* Begin PBXSourcesBuildPhase section */
		100B0B951E7C5A8E00DD181F /* Sources */ = {
			isa = PBXSourcesBuildPhase;
			buildActionMask = 2147483647;
			files = (
				B948204C1EAD1BF500052AA9 /* AppDelegate.swift in Sources */,
				B926E33D1EB6115500EFF3AC /* Profile.swift in Sources */,
				B91B03C31EC0758C0030E7E0 /* AppUser.swift in Sources */,
				307B77CB1EB101AA0048B8EC /* ChatModel.xcdatamodeld in Sources */,
				B9C696EA1EC7A4620021CCED /* CoreDataAssembly.swift in Sources */,
				B926E3341EB60CCA00EFF3AC /* StorageManager.swift in Sources */,
				B999037A1EB722380047313B /* ModelValidable.swift in Sources */,
				B9D845361E9D263800D6373C /* Constants.swift in Sources */,
				B9F04F321EC836FC00AEA713 /* FetchedResultsControllerProviderService.swift in Sources */,
				B926E33E1EB6115500EFF3AC /* Profile+CoreDataProperties.swift in Sources */,
				B998147F1EAC90D400B95723 /* ConversationsListAssembly.swift in Sources */,
				B91B03C11EC0758C0030E7E0 /* Conversation.swift in Sources */,
				B9291C101EAD0F7F00B4358F /* ProfileModel.swift in Sources */,
				B91B03B71EC075320030E7E0 /* Message.swift in Sources */,
				B9291BFD1EACEC6200B4358F /* ConversationAssembly.swift in Sources */,
				B9291C121EAD10A500B4358F /* ProfileAssembly.swift in Sources */,
				B91B03C41EC0758C0030E7E0 /* AppUser+CoreDataProperties.swift in Sources */,
				10BAAB1B1E87C36E00104295 /* MessageCell.swift in Sources */,
				B9C696E81EC7A2DA0021CCED /* MPCCoreDataHelper.swift in Sources */,
				B91BEF991EC0AA2500467798 /* FetchRequestProvider.swift in Sources */,
				B926E3421EB6234200EFF3AC /* ManagedObjectConvertible.swift in Sources */,
				B95ED50E1EC88AD900EBD076 /* ImagePickerAssembly.swift in Sources */,
				B91AEE211EC2243600B7AB3D /* CommunicationHelper.swift in Sources */,
				B910A2F21EABC176005637C1 /* IMPCWorker.swift in Sources */,
				10BAAB091E87B0D800104295 /* ConversationsListViewController.swift in Sources */,
				10BAAB171E87B76000104295 /* Extensions.swift in Sources */,
				100B0B9F1E7C5A8E00DD181F /* ProfileViewController.swift in Sources */,
				B91B03B81EC075320030E7E0 /* Message+CoreDataProperties.swift in Sources */,
				B926E3441EB623C300EFF3AC /* IManagedObject.swift in Sources */,
				B926E3461EB62C0D00EFF3AC /* CoreDataWorker.swift in Sources */,
				B95ED5121EC88C9600EBD076 /* ImageLoaderService.swift in Sources */,
				B95ED50A1EC87CC700EBD076 /* ImageCell.swift in Sources */,
				307B77CD1EB1024C0048B8EC /* CoreDataStack.swift in Sources */,
				B95ED50C1EC889A800EBD076 /* ImagePickerModel.swift in Sources */,
				B91B03BF1EC0758C0030E7E0 /* User.swift in Sources */,
				10BAAB191E87C1B400104295 /* ConversationViewController.swift in Sources */,
				B99322731EB719BF0051FEBD /* Result.swift in Sources */,
				B910A2F01EABBD9D005637C1 /* MPCService.swift in Sources */,
				B998147B1EAC8F7B00B95723 /* MPCAssembly.swift in Sources */,
				B9B9E88F1EABF74C009CA699 /* MPCWorker.swift in Sources */,
				B91B03C21EC0758C0030E7E0 /* Conversation+CoreDataProperties.swift in Sources */,
				B91BEF941EC0992200467798 /* CoreDataService.swift in Sources */,
				B95ED5081EC879F200EBD076 /* ImagePickerViewController.swift in Sources */,
				10BAAB141E87B3C900104295 /* ConversationsListCell.swift in Sources */,
				B91B03C01EC0758C0030E7E0 /* User+CoreDataProperties.swift in Sources */,
				B9291BFB1EACEC5800B4358F /* ConversationModel.swift in Sources */,
				B91B03A41EC050590030E7E0 /* DataStoreService.swift in Sources */,
				B910A2EB1EABBB82005637C1 /* ConversationsListModel.swift in Sources */,
			);
			runOnlyForDeploymentPostprocessing = 0;
		};
/* End PBXSourcesBuildPhase section */

/* Begin PBXVariantGroup section */
		100B0BA51E7C5A8E00DD181F /* LaunchScreen.storyboard */ = {
			isa = PBXVariantGroup;
			children = (
				100B0BA61E7C5A8E00DD181F /* Base */,
			);
			name = LaunchScreen.storyboard;
			path = .;
			sourceTree = "<group>";
		};
/* End PBXVariantGroup section */

/* Begin XCBuildConfiguration section */
		100B0BA91E7C5A8E00DD181F /* Debug */ = {
			isa = XCBuildConfiguration;
			buildSettings = {
				ALWAYS_SEARCH_USER_PATHS = NO;
				CLANG_ANALYZER_NONNULL = YES;
				CLANG_CXX_LANGUAGE_STANDARD = "gnu++0x";
				CLANG_CXX_LIBRARY = "libc++";
				CLANG_ENABLE_MODULES = YES;
				CLANG_ENABLE_OBJC_ARC = YES;
				CLANG_WARN_BOOL_CONVERSION = YES;
				CLANG_WARN_CONSTANT_CONVERSION = YES;
				CLANG_WARN_DIRECT_OBJC_ISA_USAGE = YES_ERROR;
				CLANG_WARN_DOCUMENTATION_COMMENTS = YES;
				CLANG_WARN_EMPTY_BODY = YES;
				CLANG_WARN_ENUM_CONVERSION = YES;
				CLANG_WARN_INFINITE_RECURSION = YES;
				CLANG_WARN_INT_CONVERSION = YES;
				CLANG_WARN_OBJC_ROOT_CLASS = YES_ERROR;
				CLANG_WARN_SUSPICIOUS_MOVE = YES;
				CLANG_WARN_UNREACHABLE_CODE = YES;
				CLANG_WARN__DUPLICATE_METHOD_MATCH = YES;
				"CODE_SIGN_IDENTITY[sdk=iphoneos*]" = "iPhone Developer";
				COPY_PHASE_STRIP = NO;
				DEBUG_INFORMATION_FORMAT = dwarf;
				ENABLE_STRICT_OBJC_MSGSEND = YES;
				ENABLE_TESTABILITY = YES;
				GCC_C_LANGUAGE_STANDARD = gnu99;
				GCC_DYNAMIC_NO_PIC = NO;
				GCC_NO_COMMON_BLOCKS = YES;
				GCC_OPTIMIZATION_LEVEL = 0;
				GCC_PREPROCESSOR_DEFINITIONS = (
					"DEBUG=1",
					"$(inherited)",
				);
				GCC_WARN_64_TO_32_BIT_CONVERSION = YES;
				GCC_WARN_ABOUT_RETURN_TYPE = YES_ERROR;
				GCC_WARN_UNDECLARED_SELECTOR = YES;
				GCC_WARN_UNINITIALIZED_AUTOS = YES_AGGRESSIVE;
				GCC_WARN_UNUSED_FUNCTION = YES;
				GCC_WARN_UNUSED_VARIABLE = YES;
				IPHONEOS_DEPLOYMENT_TARGET = 10.2;
				MTL_ENABLE_DEBUG_INFO = YES;
				ONLY_ACTIVE_ARCH = YES;
				SDKROOT = iphoneos;
				SWIFT_ACTIVE_COMPILATION_CONDITIONS = DEBUG;
				SWIFT_OPTIMIZATION_LEVEL = "-Onone";
			};
			name = Debug;
		};
		100B0BAA1E7C5A8E00DD181F /* Release */ = {
			isa = XCBuildConfiguration;
			buildSettings = {
				ALWAYS_SEARCH_USER_PATHS = NO;
				CLANG_ANALYZER_NONNULL = YES;
				CLANG_CXX_LANGUAGE_STANDARD = "gnu++0x";
				CLANG_CXX_LIBRARY = "libc++";
				CLANG_ENABLE_MODULES = YES;
				CLANG_ENABLE_OBJC_ARC = YES;
				CLANG_WARN_BOOL_CONVERSION = YES;
				CLANG_WARN_CONSTANT_CONVERSION = YES;
				CLANG_WARN_DIRECT_OBJC_ISA_USAGE = YES_ERROR;
				CLANG_WARN_DOCUMENTATION_COMMENTS = YES;
				CLANG_WARN_EMPTY_BODY = YES;
				CLANG_WARN_ENUM_CONVERSION = YES;
				CLANG_WARN_INFINITE_RECURSION = YES;
				CLANG_WARN_INT_CONVERSION = YES;
				CLANG_WARN_OBJC_ROOT_CLASS = YES_ERROR;
				CLANG_WARN_SUSPICIOUS_MOVE = YES;
				CLANG_WARN_UNREACHABLE_CODE = YES;
				CLANG_WARN__DUPLICATE_METHOD_MATCH = YES;
				"CODE_SIGN_IDENTITY[sdk=iphoneos*]" = "iPhone Developer";
				COPY_PHASE_STRIP = NO;
				DEBUG_INFORMATION_FORMAT = "dwarf-with-dsym";
				ENABLE_NS_ASSERTIONS = NO;
				ENABLE_STRICT_OBJC_MSGSEND = YES;
				GCC_C_LANGUAGE_STANDARD = gnu99;
				GCC_NO_COMMON_BLOCKS = YES;
				GCC_WARN_64_TO_32_BIT_CONVERSION = YES;
				GCC_WARN_ABOUT_RETURN_TYPE = YES_ERROR;
				GCC_WARN_UNDECLARED_SELECTOR = YES;
				GCC_WARN_UNINITIALIZED_AUTOS = YES_AGGRESSIVE;
				GCC_WARN_UNUSED_FUNCTION = YES;
				GCC_WARN_UNUSED_VARIABLE = YES;
				IPHONEOS_DEPLOYMENT_TARGET = 10.2;
				MTL_ENABLE_DEBUG_INFO = NO;
				SDKROOT = iphoneos;
				SWIFT_OPTIMIZATION_LEVEL = "-Owholemodule";
				VALIDATE_PRODUCT = YES;
			};
			name = Release;
		};
		100B0BAC1E7C5A8E00DD181F /* Debug */ = {
			isa = XCBuildConfiguration;
			buildSettings = {
				ALWAYS_EMBED_SWIFT_STANDARD_LIBRARIES = NO;
				ASSETCATALOG_COMPILER_APPICON_NAME = AppIcon;
				"CODE_SIGN_IDENTITY[sdk=iphoneos*]" = "iPhone Developer";
				DEVELOPMENT_TEAM = VD97XKT54M;
				INFOPLIST_FILE = TinkoffChat/Common/Info.plist;
				IPHONEOS_DEPLOYMENT_TARGET = 10.0;
				LD_RUNPATH_SEARCH_PATHS = "$(inherited) @executable_path/Frameworks";
				PRODUCT_BUNDLE_IDENTIFIER = hw.eugene.TinkoffChat;
				PRODUCT_NAME = "$(TARGET_NAME)";
				PROVISIONING_PROFILE = "";
				PROVISIONING_PROFILE_SPECIFIER = "";
				SWIFT_VERSION = 3.0;
			};
			name = Debug;
		};
		100B0BAD1E7C5A8E00DD181F /* Release */ = {
			isa = XCBuildConfiguration;
			buildSettings = {
				ALWAYS_EMBED_SWIFT_STANDARD_LIBRARIES = NO;
				ASSETCATALOG_COMPILER_APPICON_NAME = AppIcon;
				"CODE_SIGN_IDENTITY[sdk=iphoneos*]" = "iPhone Developer";
				DEVELOPMENT_TEAM = VD97XKT54M;
				INFOPLIST_FILE = TinkoffChat/Common/Info.plist;
				IPHONEOS_DEPLOYMENT_TARGET = 10.0;
				LD_RUNPATH_SEARCH_PATHS = "$(inherited) @executable_path/Frameworks";
				PRODUCT_BUNDLE_IDENTIFIER = hw.eugene.TinkoffChat;
				PRODUCT_NAME = "$(TARGET_NAME)";
				SWIFT_VERSION = 3.0;
			};
			name = Release;
		};
/* End XCBuildConfiguration section */

/* Begin XCConfigurationList section */
		100B0B941E7C5A8E00DD181F /* Build configuration list for PBXProject "TinkoffChat" */ = {
			isa = XCConfigurationList;
			buildConfigurations = (
				100B0BA91E7C5A8E00DD181F /* Debug */,
				100B0BAA1E7C5A8E00DD181F /* Release */,
			);
			defaultConfigurationIsVisible = 0;
			defaultConfigurationName = Release;
		};
		100B0BAB1E7C5A8E00DD181F /* Build configuration list for PBXNativeTarget "TinkoffChat" */ = {
			isa = XCConfigurationList;
			buildConfigurations = (
				100B0BAC1E7C5A8E00DD181F /* Debug */,
				100B0BAD1E7C5A8E00DD181F /* Release */,
			);
			defaultConfigurationIsVisible = 0;
			defaultConfigurationName = Release;
		};
/* End XCConfigurationList section */

/* Begin XCVersionGroup section */
		307B77C91EB101AA0048B8EC /* ChatModel.xcdatamodeld */ = {
			isa = XCVersionGroup;
			children = (
				307B77CA1EB101AA0048B8EC /* ChatModel.xcdatamodel */,
			);
			currentVersion = 307B77CA1EB101AA0048B8EC /* ChatModel.xcdatamodel */;
			path = ChatModel.xcdatamodeld;
			sourceTree = "<group>";
			versionGroupType = wrapper.xcdatamodel;
		};
/* End XCVersionGroup section */
	};
	rootObject = 100B0B911E7C5A8E00DD181F /* Project object */;
}
